
Microsoft Visual Studio Solution File, Format Version 12.00
# Visual Studio Version 16
VisualStudioVersion = 16.0.29709.97
MinimumVisualStudioVersion = 10.0.40219.1
Project("{FAE04EC0-301F-11D3-BF4B-00C04F79EFBC}") = "BankAccountWithTests", "BankAccountWithTests\BankAccountWithTests.csproj", "{CAA64A22-9EF0-453A-9A60-15B77FCD09C8}"
EndProject
Project("{FAE04EC0-301F-11D3-BF4B-00C04F79EFBC}") = "BankAccountWithTests.Tests", "BankAccountWithTests.Tests\BankAccountWithTests.Tests.csproj", "{2194A570-08CF-43F1-951D-17C841B89708}"
EndProject
Global
	GlobalSection(SolutionConfigurationPlatforms) = preSolution
		Debug|Any CPU = Debug|Any CPU
		Release|Any CPU = Release|Any CPU
	EndGlobalSection
	GlobalSection(ProjectConfigurationPlatforms) = postSolution
		{CAA64A22-9EF0-453A-9A60-15B77FCD09C8}.Debug|Any CPU.ActiveCfg = Debug|Any CPU
		{CAA64A22-9EF0-453A-9A60-15B77FCD09C8}.Debug|Any CPU.Build.0 = Debug|Any CPU
		{CAA64A22-9EF0-453A-9A60-15B77FCD09C8}.Release|Any CPU.ActiveCfg = Release|Any CPU
		{CAA64A22-9EF0-453A-9A60-15B77FCD09C8}.Release|Any CPU.Build.0 = Release|Any CPU
		{2194A570-08CF-43F1-951D-17C841B89708}.Debug|Any CPU.ActiveCfg = Debug|Any CPU
		{2194A570-08CF-43F1-951D-17C841B89708}.Debug|Any CPU.Build.0 = Debug|Any CPU
		{2194A570-08CF-43F1-951D-17C841B89708}.Release|Any CPU.ActiveCfg = Release|Any CPU
		{2194A570-08CF-43F1-951D-17C841B89708}.Release|Any CPU.Build.0 = Release|Any CPU
	EndGlobalSection
	GlobalSection(SolutionProperties) = preSolution
		HideSolutionNode = FALSE
	EndGlobalSection
	GlobalSection(ExtensibilityGlobals) = postSolution
		SolutionGuid = {D673E83A-C132-4B97-88F0-75A43F0C763A}
	EndGlobalSection
EndGlobal
